
Microsoft Visual Studio Solution File, Format Version 12.00
# Visual Studio Version 16
VisualStudioVersion = 16.0.31205.134
MinimumVisualStudioVersion = 10.0.40219.1
Project("{FAE04EC0-301F-11D3-BF4B-00C04F79EFBC}") = "FortniteLauncher", "FortniteLauncher\FortniteLauncher.csproj", "{B45F0C02-D49E-4A92-983E-0BD8DBCA8221}"
EndProject
Global
	GlobalSection(SolutionConfigurationPlatforms) = preSolution
		Debug|Any CPU = Debug|Any CPU
		Release|Any CPU = Release|Any CPU
	EndGlobalSection
	GlobalSection(ProjectConfigurationPlatforms) = postSolution
		{B45F0C02-D49E-4A92-983E-0BD8DBCA8221}.Debug|Any CPU.ActiveCfg = Debug|Any CPU
		{B45F0C02-D49E-4A92-983E-0BD8DBCA8221}.Debug|Any CPU.Build.0 = Debug|Any CPU
		{B45F0C02-D49E-4A92-983E-0BD8DBCA8221}.Release|Any CPU.ActiveCfg = Release|Any CPU
		{B45F0C02-D49E-4A92-983E-0BD8DBCA8221}.Release|Any CPU.Build.0 = Release|Any CPU
	EndGlobalSection
	GlobalSection(SolutionProperties) = preSolution
		HideSolutionNode = FALSE
	EndGlobalSection
	GlobalSection(ExtensibilityGlobals) = postSolution
		SolutionGuid = {2CDA3AD3-51E1-488C-AF87-ACE5BACCA8CE}
	EndGlobalSection
EndGlobal
